# This file is autogenerated, do not edit; changes may be undone by the next 'dep ensure'.


[[projects]]
  branch = "master"
  digest = "1:e0361634f0b5e1fd3227eaec90a86bc8595cb2526e71e41bcd72b6e474e198ca"
  name = "github.com/globalsign/mgo"
  packages = [
    ".",
    "bson",
    "internal/json",
    "internal/sasl",
    "internal/scram",
  ]
  pruneopts = "UT"
  revision = "1ca0a4f7cbcbe61c005d1bd43fdd8bb8b71df6bc"

[[projects]]
  digest = "1:7c2fd446293ff7799cc496d3446e674ee67902d119f244de645caf95dff1bb98"
  name = "github.com/go-redis/redis"
  packages = [
    ".",
    "internal",
    "internal/consistenthash",
    "internal/hashtag",
    "internal/pool",
    "internal/proto",
    "internal/singleflight",
    "internal/util",
  ]
  pruneopts = "UT"
  revision = "f3bba01df2026fc865f7782948845db9cf44cf23"
  version = "v6.14.1"

[[projects]]
  digest = "1:187527d8e00748764a76647a474cccf6b1245dbeb65211fde17b677a7b817b76"
  name = "github.com/vorkytaka/easyvk-go"
  packages = ["easyvk"]
  pruneopts = "UT"
  revision = "25f797909584c27e7fa7f4ba69fabd21d388e828"
  version = "v0.4.00"

[[projects]]
  branch = "master"
  digest = "1:a5ae8f624991c4156ab2610befdbc78ea3a961473ce4846cc34342649cb81878"
  name = "golang.org/x/net"
  packages = [
    "html",
    "html/atom",
  ]
  pruneopts = "UT"
  revision = "161cd47e91fd58ac17490ef4d742dc98bb4cf60e"

[solve-meta]
  analyzer-name = "dep"
  analyzer-version = 1
  input-imports = [
    "github.com/globalsign/mgo",
    "github.com/globalsign/mgo/bson",
    "github.com/go-redis/redis",
    "github.com/vorkytaka/easyvk-go/easyvk",
  ]
  solver-name = "gps-cdcl"
  solver-version = 1
